{
    "name": "pm-to-typst",
    "version": "0.1.0",
    "lockfileVersion": 3,
    "requires": true,
    "packages": {
        "": {
            "name": "pm-to-typst",
            "version": "0.1.0",
            "license": "MIT-0",
            "dependencies": {
                "typst-utils": "file:../typst-utils"
            }
        },
        "../typst-utils": {
            "version": "0.1.0",
            "license": "MIT-0"
        },
        "node_modules/typst-utils": {
            "resolved": "../typst-utils",
            "link": true
        }
    }
}
